// !$*UTF8*$!
{
	archiveVersion = 1;
	classes = {
	};
	objectVersion = 56;
	objects = {

/* Begin PBXBuildFile section */
		27295DF7291DFE4E00BFD411 /* AppDelegate.swift in Sources */ = {isa = PBXBuildFile; fileRef = 27295DF6291DFE4E00BFD411 /* AppDelegate.swift */; };
		27295DF9291DFE4E00BFD411 /* SceneDelegate.swift in Sources */ = {isa = PBXBuildFile; fileRef = 27295DF8291DFE4E00BFD411 /* SceneDelegate.swift */; };
		27295DFB291DFE4E00BFD411 /* MainTabBarViewController.swift in Sources */ = {isa = PBXBuildFile; fileRef = 27295DFA291DFE4E00BFD411 /* MainTabBarViewController.swift */; };
		27295E00291DFE5000BFD411 /* Assets.xcassets in Resources */ = {isa = PBXBuildFile; fileRef = 27295DFF291DFE5000BFD411 /* Assets.xcassets */; };
		27295E03291DFE5000BFD411 /* LaunchScreen.storyboard in Resources */ = {isa = PBXBuildFile; fileRef = 27295E01291DFE5000BFD411 /* LaunchScreen.storyboard */; };
		27295E0C291E006700BFD411 /* HomeViewController.swift in Sources */ = {isa = PBXBuildFile; fileRef = 27295E0B291E006700BFD411 /* HomeViewController.swift */; };
		27295E0E291E009600BFD411 /* UpcomingViewController.swift in Sources */ = {isa = PBXBuildFile; fileRef = 27295E0D291E009600BFD411 /* UpcomingViewController.swift */; };
		27295E10291E00AF00BFD411 /* SearchViewController.swift in Sources */ = {isa = PBXBuildFile; fileRef = 27295E0F291E00AF00BFD411 /* SearchViewController.swift */; };
		27295E12291E00CB00BFD411 /* DownloadsViewController.swift in Sources */ = {isa = PBXBuildFile; fileRef = 27295E11291E00CB00BFD411 /* DownloadsViewController.swift */; };
		27295E1929218DD400BFD411 /* CollectionViewTableViewCell.swift in Sources */ = {isa = PBXBuildFile; fileRef = 27295E1829218DD400BFD411 /* CollectionViewTableViewCell.swift */; };
		27295E1B2921918500BFD411 /* HeroHeaderUIView.swift in Sources */ = {isa = PBXBuildFile; fileRef = 27295E1A2921918500BFD411 /* HeroHeaderUIView.swift */; };
/* End PBXBuildFile section */

/* Begin PBXFileReference section */
		27295DF3291DFE4E00BFD411 /* NetflixClone.app */ = {isa = PBXFileReference; explicitFileType = wrapper.application; includeInIndex = 0; path = NetflixClone.app; sourceTree = BUILT_PRODUCTS_DIR; };
		27295DF6291DFE4E00BFD411 /* AppDelegate.swift */ = {isa = PBXFileReference; lastKnownFileType = sourcecode.swift; path = AppDelegate.swift; sourceTree = "<group>"; };
		27295DF8291DFE4E00BFD411 /* SceneDelegate.swift */ = {isa = PBXFileReference; lastKnownFileType = sourcecode.swift; path = SceneDelegate.swift; sourceTree = "<group>"; };
		27295DFA291DFE4E00BFD411 /* MainTabBarViewController.swift */ = {isa = PBXFileReference; lastKnownFileType = sourcecode.swift; path = MainTabBarViewController.swift; sourceTree = "<group>"; };
		27295DFF291DFE5000BFD411 /* Assets.xcassets */ = {isa = PBXFileReference; lastKnownFileType = folder.assetcatalog; path = Assets.xcassets; sourceTree = "<group>"; };
		27295E02291DFE5000BFD411 /* Base */ = {isa = PBXFileReference; lastKnownFileType = file.storyboard; name = Base; path = Base.lproj/LaunchScreen.storyboard; sourceTree = "<group>"; };
		27295E04291DFE5000BFD411 /* Info.plist */ = {isa = PBXFileReference; lastKnownFileType = text.plist.xml; path = Info.plist; sourceTree = "<group>"; };
		27295E0B291E006700BFD411 /* HomeViewController.swift */ = {isa = PBXFileReference; lastKnownFileType = sourcecode.swift; path = HomeViewController.swift; sourceTree = "<group>"; };
		27295E0D291E009600BFD411 /* UpcomingViewController.swift */ = {isa = PBXFileReference; lastKnownFileType = sourcecode.swift; path = UpcomingViewController.swift; sourceTree = "<group>"; };
		27295E0F291E00AF00BFD411 /* SearchViewController.swift */ = {isa = PBXFileReference; lastKnownFileType = sourcecode.swift; path = SearchViewController.swift; sourceTree = "<group>"; };
		27295E11291E00CB00BFD411 /* DownloadsViewController.swift */ = {isa = PBXFileReference; lastKnownFileType = sourcecode.swift; path = DownloadsViewController.swift; sourceTree = "<group>"; };
		27295E1829218DD400BFD411 /* CollectionViewTableViewCell.swift */ = {isa = PBXFileReference; lastKnownFileType = sourcecode.swift; path = CollectionViewTableViewCell.swift; sourceTree = "<group>"; };
		27295E1A2921918500BFD411 /* HeroHeaderUIView.swift */ = {isa = PBXFileReference; lastKnownFileType = sourcecode.swift; path = HeroHeaderUIView.swift; sourceTree = "<group>"; };
/* End PBXFileReference section */

/* Begin PBXFrameworksBuildPhase section */
		27295DF0291DFE4E00BFD411 /* Frameworks */ = {
			isa = PBXFrameworksBuildPhase;
			buildActionMask = 2147483647;
			files = (
			);
			runOnlyForDeploymentPostprocessing = 0;
		};
/* End PBXFrameworksBuildPhase section */

/* Begin PBXGroup section */
		27295DEA291DFE4E00BFD411 = {
			isa = PBXGroup;
			children = (
				27295DF5291DFE4E00BFD411 /* NetflixClone */,
				27295DF4291DFE4E00BFD411 /* Products */,
			);
			sourceTree = "<group>";
		};
		27295DF4291DFE4E00BFD411 /* Products */ = {
			isa = PBXGroup;
			children = (
				27295DF3291DFE4E00BFD411 /* NetflixClone.app */,
			);
			name = Products;
			sourceTree = "<group>";
		};
		27295DF5291DFE4E00BFD411 /* NetflixClone */ = {
			isa = PBXGroup;
			children = (
				27295E1729218DAC00BFD411 /* Managers */,
				27295E1629218DA600BFD411 /* Resources */,
				27295E1529218D8800BFD411 /* Models */,
				27295E1429218D7F00BFD411 /* ViewModels */,
				27295E1329218D7700BFD411 /* Views */,
				27295E0A291E003A00BFD411 /* Controllers */,
				27295DF6291DFE4E00BFD411 /* AppDelegate.swift */,
				27295DF8291DFE4E00BFD411 /* SceneDelegate.swift */,
				27295DFA291DFE4E00BFD411 /* MainTabBarViewController.swift */,
				27295DFF291DFE5000BFD411 /* Assets.xcassets */,
				27295E01291DFE5000BFD411 /* LaunchScreen.storyboard */,
				27295E04291DFE5000BFD411 /* Info.plist */,
			);
			path = NetflixClone;
			sourceTree = "<group>";
		};
		27295E0A291E003A00BFD411 /* Controllers */ = {
			isa = PBXGroup;
			children = (
				27295E0B291E006700BFD411 /* HomeViewController.swift */,
				27295E0D291E009600BFD411 /* UpcomingViewController.swift */,
				27295E0F291E00AF00BFD411 /* SearchViewController.swift */,
				27295E11291E00CB00BFD411 /* DownloadsViewController.swift */,
			);
			path = Controllers;
			sourceTree = "<group>";
		};
		27295E1329218D7700BFD411 /* Views */ = {
			isa = PBXGroup;
			children = (
				27295E1829218DD400BFD411 /* CollectionViewTableViewCell.swift */,
				27295E1A2921918500BFD411 /* HeroHeaderUIView.swift */,
			);
			path = Views;
			sourceTree = "<group>";
		};
		27295E1429218D7F00BFD411 /* ViewModels */ = {
			isa = PBXGroup;
			children = (
			);
			path = ViewModels;
			sourceTree = "<group>";
		};
		27295E1529218D8800BFD411 /* Models */ = {
			isa = PBXGroup;
			children = (
			);
			path = Models;
			sourceTree = "<group>";
		};
		27295E1629218DA600BFD411 /* Resources */ = {
			isa = PBXGroup;
			children = (
			);
			path = Resources;
			sourceTree = "<group>";
		};
		27295E1729218DAC00BFD411 /* Managers */ = {
			isa = PBXGroup;
			children = (
			);
			path = Managers;
			sourceTree = "<group>";
		};
/* End PBXGroup section */

/* Begin PBXNativeTarget section */
		27295DF2291DFE4E00BFD411 /* NetflixClone */ = {
			isa = PBXNativeTarget;
			buildConfigurationList = 27295E07291DFE5000BFD411 /* Build configuration list for PBXNativeTarget "NetflixClone" */;
			buildPhases = (
				27295DEF291DFE4E00BFD411 /* Sources */,
				27295DF0291DFE4E00BFD411 /* Frameworks */,
				27295DF1291DFE4E00BFD411 /* Resources */,
			);
			buildRules = (
			);
			dependencies = (
			);
			name = NetflixClone;
			productName = NetflixClone;
			productReference = 27295DF3291DFE4E00BFD411 /* NetflixClone.app */;
			productType = "com.apple.product-type.application";
		};
/* End PBXNativeTarget section */

/* Begin PBXProject section */
		27295DEB291DFE4E00BFD411 /* Project object */ = {
			isa = PBXProject;
			attributes = {
				BuildIndependentTargetsInParallel = 1;
				LastSwiftUpdateCheck = 1410;
				LastUpgradeCheck = 1410;
				TargetAttributes = {
					27295DF2291DFE4E00BFD411 = {
						CreatedOnToolsVersion = 14.1;
					};
				};
			};
			buildConfigurationList = 27295DEE291DFE4E00BFD411 /* Build configuration list for PBXProject "NetflixClone" */;
			compatibilityVersion = "Xcode 14.0";
			developmentRegion = en;
			hasScannedForEncodings = 0;
			knownRegions = (
				en,
				Base,
			);
			mainGroup = 27295DEA291DFE4E00BFD411;
			productRefGroup = 27295DF4291DFE4E00BFD411 /* Products */;
			projectDirPath = "";
			projectRoot = "";
			targets = (
				27295DF2291DFE4E00BFD411 /* NetflixClone */,
			);
		};
/* End PBXProject section */

/* Begin PBXResourcesBuildPhase section */
		27295DF1291DFE4E00BFD411 /* Resources */ = {
			isa = PBXResourcesBuildPhase;
			buildActionMask = 2147483647;
			files = (
				27295E03291DFE5000BFD411 /* LaunchScreen.storyboard in Resources */,
				27295E00291DFE5000BFD411 /* Assets.xcassets in Resources */,
			);
			runOnlyForDeploymentPostprocessing = 0;
		};
/* End PBXResourcesBuildPhase section */

/* Begin PBXSourcesBuildPhase section */
		27295DEF291DFE4E00BFD411 /* Sources */ = {
			isa = PBXSourcesBuildPhase;
			buildActionMask = 2147483647;
			files = (
				27295E10291E00AF00BFD411 /* SearchViewController.swift in Sources */,
				27295DFB291DFE4E00BFD411 /* MainTabBarViewController.swift in Sources */,
				27295E1929218DD400BFD411 /* CollectionViewTableViewCell.swift in Sources */,
				27295E1B2921918500BFD411 /* HeroHeaderUIView.swift in Sources */,
				27295E12291E00CB00BFD411 /* DownloadsViewController.swift in Sources */,
				27295DF7291DFE4E00BFD411 /* AppDelegate.swift in Sources */,
				27295DF9291DFE4E00BFD411 /* SceneDelegate.swift in Sources */,
				27295E0E291E009600BFD411 /* UpcomingViewController.swift in Sources */,
				27295E0C291E006700BFD411 /* HomeViewController.swift in Sources */,
			);
			runOnlyForDeploymentPostprocessing = 0;
		};
/* End PBXSourcesBuildPhase section */

/* Begin PBXVariantGroup section */
		27295E01291DFE5000BFD411 /* LaunchScreen.storyboard */ = {
			isa = PBXVariantGroup;
			children = (
				27295E02291DFE5000BFD411 /* Base */,
			);
			name = LaunchScreen.storyboard;
			sourceTree = "<group>";
		};
/* End PBXVariantGroup section */

/* Begin XCBuildConfiguration section */
		27295E05291DFE5000BFD411 /* Debug */ = {
			isa = XCBuildConfiguration;
			buildSettings = {
				ALWAYS_SEARCH_USER_PATHS = NO;
				CLANG_ANALYZER_NONNULL = YES;
				CLANG_ANALYZER_NUMBER_OBJECT_CONVERSION = YES_AGGRESSIVE;
				CLANG_CXX_LANGUAGE_STANDARD = "gnu++20";
				CLANG_ENABLE_MODULES = YES;
				CLANG_ENABLE_OBJC_ARC = YES;
				CLANG_ENABLE_OBJC_WEAK = YES;
				CLANG_WARN_BLOCK_CAPTURE_AUTORELEASING = YES;
				CLANG_WARN_BOOL_CONVERSION = YES;
				CLANG_WARN_COMMA = YES;
				CLANG_WARN_CONSTANT_CONVERSION = YES;
				CLANG_WARN_DEPRECATED_OBJC_IMPLEMENTATIONS = YES;
				CLANG_WARN_DIRECT_OBJC_ISA_USAGE = YES_ERROR;
				CLANG_WARN_DOCUMENTATION_COMMENTS = YES;
				CLANG_WARN_EMPTY_BODY = YES;
				CLANG_WARN_ENUM_CONVERSION = YES;
				CLANG_WARN_INFINITE_RECURSION = YES;
				CLANG_WARN_INT_CONVERSION = YES;
				CLANG_WARN_NON_LITERAL_NULL_CONVERSION = YES;
				CLANG_WARN_OBJC_IMPLICIT_RETAIN_SELF = YES;
				CLANG_WARN_OBJC_LITERAL_CONVERSION = YES;
				CLANG_WARN_OBJC_ROOT_CLASS = YES_ERROR;
				CLANG_WARN_QUOTED_INCLUDE_IN_FRAMEWORK_HEADER = YES;
				CLANG_WARN_RANGE_LOOP_ANALYSIS = YES;
				CLANG_WARN_STRICT_PROTOTYPES = YES;
				CLANG_WARN_SUSPICIOUS_MOVE = YES;
				CLANG_WARN_UNGUARDED_AVAILABILITY = YES_AGGRESSIVE;
				CLANG_WARN_UNREACHABLE_CODE = YES;
				CLANG_WARN__DUPLICATE_METHOD_MATCH = YES;
				COPY_PHASE_STRIP = NO;
				DEBUG_INFORMATION_FORMAT = dwarf;
				ENABLE_STRICT_OBJC_MSGSEND = YES;
				ENABLE_TESTABILITY = YES;
				GCC_C_LANGUAGE_STANDARD = gnu11;
				GCC_DYNAMIC_NO_PIC = NO;
				GCC_NO_COMMON_BLOCKS = YES;
				GCC_OPTIMIZATION_LEVEL = 0;
				GCC_PREPROCESSOR_DEFINITIONS = (
					"DEBUG=1",
					"$(inherited)",
				);
				GCC_WARN_64_TO_32_BIT_CONVERSION = YES;
				GCC_WARN_ABOUT_RETURN_TYPE = YES_ERROR;
				GCC_WARN_UNDECLARED_SELECTOR = YES;
				GCC_WARN_UNINITIALIZED_AUTOS = YES_AGGRESSIVE;
				GCC_WARN_UNUSED_FUNCTION = YES;
				GCC_WARN_UNUSED_VARIABLE = YES;
				IPHONEOS_DEPLOYMENT_TARGET = 16.1;
				MTL_ENABLE_DEBUG_INFO = INCLUDE_SOURCE;
				MTL_FAST_MATH = YES;
				ONLY_ACTIVE_ARCH = YES;
				SDKROOT = iphoneos;
				SWIFT_ACTIVE_COMPILATION_CONDITIONS = DEBUG;
				SWIFT_OPTIMIZATION_LEVEL = "-Onone";
			};
			name = Debug;
		};
		27295E06291DFE5000BFD411 /* Release */ = {
			isa = XCBuildConfiguration;
			buildSettings = {
				ALWAYS_SEARCH_USER_PATHS = NO;
				CLANG_ANALYZER_NONNULL = YES;
				CLANG_ANALYZER_NUMBER_OBJECT_CONVERSION = YES_AGGRESSIVE;
				CLANG_CXX_LANGUAGE_STANDARD = "gnu++20";
				CLANG_ENABLE_MODULES = YES;
				CLANG_ENABLE_OBJC_ARC = YES;
				CLANG_ENABLE_OBJC_WEAK = YES;
				CLANG_WARN_BLOCK_CAPTURE_AUTORELEASING = YES;
				CLANG_WARN_BOOL_CONVERSION = YES;
				CLANG_WARN_COMMA = YES;
				CLANG_WARN_CONSTANT_CONVERSION = YES;
				CLANG_WARN_DEPRECATED_OBJC_IMPLEMENTATIONS = YES;
				CLANG_WARN_DIRECT_OBJC_ISA_USAGE = YES_ERROR;
				CLANG_WARN_DOCUMENTATION_COMMENTS = YES;
				CLANG_WARN_EMPTY_BODY = YES;
				CLANG_WARN_ENUM_CONVERSION = YES;
				CLANG_WARN_INFINITE_RECURSION = YES;
				CLANG_WARN_INT_CONVERSION = YES;
				CLANG_WARN_NON_LITERAL_NULL_CONVERSION = YES;
				CLANG_WARN_OBJC_IMPLICIT_RETAIN_SELF = YES;
				CLANG_WARN_OBJC_LITERAL_CONVERSION = YES;
				CLANG_WARN_OBJC_ROOT_CLASS = YES_ERROR;
				CLANG_WARN_QUOTED_INCLUDE_IN_FRAMEWORK_HEADER = YES;
				CLANG_WARN_RANGE_LOOP_ANALYSIS = YES;
				CLANG_WARN_STRICT_PROTOTYPES = YES;
				CLANG_WARN_SUSPICIOUS_MOVE = YES;
				CLANG_WARN_UNGUARDED_AVAILABILITY = YES_AGGRESSIVE;
				CLANG_WARN_UNREACHABLE_CODE = YES;
				CLANG_WARN__DUPLICATE_METHOD_MATCH = YES;
				COPY_PHASE_STRIP = NO;
				DEBUG_INFORMATION_FORMAT = "dwarf-with-dsym";
				ENABLE_NS_ASSERTIONS = NO;
				ENABLE_STRICT_OBJC_MSGSEND = YES;
				GCC_C_LANGUAGE_STANDARD = gnu11;
				GCC_NO_COMMON_BLOCKS = YES;
				GCC_WARN_64_TO_32_BIT_CONVERSION = YES;
				GCC_WARN_ABOUT_RETURN_TYPE = YES_ERROR;
				GCC_WARN_UNDECLARED_SELECTOR = YES;
				GCC_WARN_UNINITIALIZED_AUTOS = YES_AGGRESSIVE;
				GCC_WARN_UNUSED_FUNCTION = YES;
				GCC_WARN_UNUSED_VARIABLE = YES;
				IPHONEOS_DEPLOYMENT_TARGET = 16.1;
				MTL_ENABLE_DEBUG_INFO = NO;
				MTL_FAST_MATH = YES;
				SDKROOT = iphoneos;
				SWIFT_COMPILATION_MODE = wholemodule;
				SWIFT_OPTIMIZATION_LEVEL = "-O";
				VALIDATE_PRODUCT = YES;
			};
			name = Release;
		};
		27295E08291DFE5000BFD411 /* Debug */ = {
			isa = XCBuildConfiguration;
			buildSettings = {
				ASSETCATALOG_COMPILER_APPICON_NAME = AppIcon;
				ASSETCATALOG_COMPILER_GLOBAL_ACCENT_COLOR_NAME = AccentColor;
				CODE_SIGN_STYLE = Automatic;
				CURRENT_PROJECT_VERSION = 1;
				GENERATE_INFOPLIST_FILE = YES;
				INFOPLIST_FILE = NetflixClone/Info.plist;
				INFOPLIST_KEY_UIApplicationSupportsIndirectInputEvents = YES;
				INFOPLIST_KEY_UILaunchStoryboardName = LaunchScreen;
				INFOPLIST_KEY_UISupportedInterfaceOrientations_iPad = "UIInterfaceOrientationPortrait UIInterfaceOrientationPortraitUpsideDown UIInterfaceOrientationLandscapeLeft UIInterfaceOrientationLandscapeRight";
				INFOPLIST_KEY_UISupportedInterfaceOrientations_iPhone = "UIInterfaceOrientationPortrait UIInterfaceOrientationLandscapeLeft UIInterfaceOrientationLandscapeRight";
				LD_RUNPATH_SEARCH_PATHS = (
					"$(inherited)",
					"@executable_path/Frameworks",
				);
				MARKETING_VERSION = 1.0;
				PRODUCT_BUNDLE_IDENTIFIER = thomasjuhoonkim.NetflixClone;
				PRODUCT_NAME = "$(TARGET_NAME)";
				SWIFT_EMIT_LOC_STRINGS = YES;
				SWIFT_VERSION = 5.0;
				TARGETED_DEVICE_FAMILY = "1,2";
			};
			name = Debug;
		};
		27295E09291DFE5000BFD411 /* Release */ = {
			isa = XCBuildConfiguration;
			buildSettings = {
				ASSETCATALOG_COMPILER_APPICON_NAME = AppIcon;
				ASSETCATALOG_COMPILER_GLOBAL_ACCENT_COLOR_NAME = AccentColor;
				CODE_SIGN_STYLE = Automatic;
				CURRENT_PROJECT_VERSION = 1;
				GENERATE_INFOPLIST_FILE = YES;
				INFOPLIST_FILE = NetflixClone/Info.plist;
				INFOPLIST_KEY_UIApplicationSupportsIndirectInputEvents = YES;
				INFOPLIST_KEY_UILaunchStoryboardName = LaunchScreen;
				INFOPLIST_KEY_UISupportedInterfaceOrientations_iPad = "UIInterfaceOrientationPortrait UIInterfaceOrientationPortraitUpsideDown UIInterfaceOrientationLandscapeLeft UIInterfaceOrientationLandscapeRight";
				INFOPLIST_KEY_UISupportedInterfaceOrientations_iPhone = "UIInterfaceOrientationPortrait UIInterfaceOrientationLandscapeLeft UIInterfaceOrientationLandscapeRight";
				LD_RUNPATH_SEARCH_PATHS = (
					"$(inherited)",
					"@executable_path/Frameworks",
				);
				MARKETING_VERSION = 1.0;
				PRODUCT_BUNDLE_IDENTIFIER = thomasjuhoonkim.NetflixClone;
				PRODUCT_NAME = "$(TARGET_NAME)";
				SWIFT_EMIT_LOC_STRINGS = YES;
				SWIFT_VERSION = 5.0;
				TARGETED_DEVICE_FAMILY = "1,2";
			};
			name = Release;
		};
/* End XCBuildConfiguration section */

/* Begin XCConfigurationList section */
		27295DEE291DFE4E00BFD411 /* Build configuration list for PBXProject "NetflixClone" */ = {
			isa = XCConfigurationList;
			buildConfigurations = (
				27295E05291DFE5000BFD411 /* Debug */,
				27295E06291DFE5000BFD411 /* Release */,
			);
			defaultConfigurationIsVisible = 0;
			defaultConfigurationName = Release;
		};
		27295E07291DFE5000BFD411 /* Build configuration list for PBXNativeTarget "NetflixClone" */ = {
			isa = XCConfigurationList;
			buildConfigurations = (
				27295E08291DFE5000BFD411 /* Debug */,
				27295E09291DFE5000BFD411 /* Release */,
			);
			defaultConfigurationIsVisible = 0;
			defaultConfigurationName = Release;
		};
/* End XCConfigurationList section */
	};
	rootObject = 27295DEB291DFE4E00BFD411 /* Project object */;
}
